// !$*UTF8*$!
{
	archiveVersion = 1;
	classes = {
	};
	objectVersion = 46;
	objects = {

/* Begin PBXBuildFile section */
		F434B2CB1A1D7160009456E8 /* main.m in Sources */ = {isa = PBXBuildFile; fileRef = F434B2CA1A1D7160009456E8 /* main.m */; };
		F434B2CE1A1D7160009456E8 /* AppDelegate.m in Sources */ = {isa = PBXBuildFile; fileRef = F434B2CD1A1D7160009456E8 /* AppDelegate.m */; };
		F434B2D11A1D7160009456E8 /* ViewController.m in Sources */ = {isa = PBXBuildFile; fileRef = F434B2D01A1D7160009456E8 /* ViewController.m */; };
		F434B2D41A1D7160009456E8 /* Main.storyboard in Resources */ = {isa = PBXBuildFile; fileRef = F434B2D21A1D7160009456E8 /* Main.storyboard */; };
		F434B2D61A1D7160009456E8 /* Images.xcassets in Resources */ = {isa = PBXBuildFile; fileRef = F434B2D51A1D7160009456E8 /* Images.xcassets */; };
		F434B2D91A1D7160009456E8 /* LaunchScreen.xib in Resources */ = {isa = PBXBuildFile; fileRef = F434B2D71A1D7160009456E8 /* LaunchScreen.xib */; };
		F434B2E51A1D7160009456E8 /* MapDrawTests.m in Sources */ = {isa = PBXBuildFile; fileRef = F434B2E41A1D7160009456E8 /* MapDrawTests.m */; };
/* End PBXBuildFile section */

/* Begin PBXContainerItemProxy section */
		F434B2DF1A1D7160009456E8 /* PBXContainerItemProxy */ = {
			isa = PBXContainerItemProxy;
			containerPortal = F434B2BD1A1D715F009456E8 /* Project object */;
			proxyType = 1;
			remoteGlobalIDString = F434B2C41A1D7160009456E8;
			remoteInfo = MapDraw;
		};
/* End PBXContainerItemProxy section */

/* Begin PBXFileReference section */
		F434B2C51A1D7160009456E8 /* MapDraw.app */ = {isa = PBXFileReference; explicitFileType = wrapper.application; includeInIndex = 0; path = MapDraw.app; sourceTree = BUILT_PRODUCTS_DIR; };
		F434B2C91A1D7160009456E8 /* Info.plist */ = {isa = PBXFileReference; lastKnownFileType = text.plist.xml; path = Info.plist; sourceTree = "<group>"; };
		F434B2CA1A1D7160009456E8 /* main.m */ = {isa = PBXFileReference; lastKnownFileType = sourcecode.c.objc; path = main.m; sourceTree = "<group>"; };
		F434B2CC1A1D7160009456E8 /* AppDelegate.h */ = {isa = PBXFileReference; lastKnownFileType = sourcecode.c.h; path = AppDelegate.h; sourceTree = "<group>"; };
		F434B2CD1A1D7160009456E8 /* AppDelegate.m */ = {isa = PBXFileReference; lastKnownFileType = sourcecode.c.objc; path = AppDelegate.m; sourceTree = "<group>"; };
		F434B2CF1A1D7160009456E8 /* ViewController.h */ = {isa = PBXFileReference; lastKnownFileType = sourcecode.c.h; path = ViewController.h; sourceTree = "<group>"; };
		F434B2D01A1D7160009456E8 /* ViewController.m */ = {isa = PBXFileReference; lastKnownFileType = sourcecode.c.objc; path = ViewController.m; sourceTree = "<group>"; };
		F434B2D31A1D7160009456E8 /* Base */ = {isa = PBXFileReference; lastKnownFileType = file.storyboard; name = Base; path = Base.lproj/Main.storyboard; sourceTree = "<group>"; };
		F434B2D51A1D7160009456E8 /* Images.xcassets */ = {isa = PBXFileReference; lastKnownFileType = folder.assetcatalog; path = Images.xcassets; sourceTree = "<group>"; };
		F434B2D81A1D7160009456E8 /* Base */ = {isa = PBXFileReference; lastKnownFileType = file.xib; name = Base; path = Base.lproj/LaunchScreen.xib; sourceTree = "<group>"; };
		F434B2DE1A1D7160009456E8 /* MapDrawTests.xctest */ = {isa = PBXFileReference; explicitFileType = wrapper.cfbundle; includeInIndex = 0; path = MapDrawTests.xctest; sourceTree = BUILT_PRODUCTS_DIR; };
		F434B2E31A1D7160009456E8 /* Info.plist */ = {isa = PBXFileReference; lastKnownFileType = text.plist.xml; path = Info.plist; sourceTree = "<group>"; };
		F434B2E41A1D7160009456E8 /* MapDrawTests.m */ = {isa = PBXFileReference; lastKnownFileType = sourcecode.c.objc; path = MapDrawTests.m; sourceTree = "<group>"; };
/* End PBXFileReference section */

/* Begin PBXFrameworksBuildPhase section */
		F434B2C21A1D7160009456E8 /* Frameworks */ = {
			isa = PBXFrameworksBuildPhase;
			buildActionMask = 2147483647;
			files = (
			);
			runOnlyForDeploymentPostprocessing = 0;
		};
		F434B2DB1A1D7160009456E8 /* Frameworks */ = {
			isa = PBXFrameworksBuildPhase;
			buildActionMask = 2147483647;
			files = (
			);
			runOnlyForDeploymentPostprocessing = 0;
		};
/* End PBXFrameworksBuildPhase section */

/* Begin PBXGroup section */
		F434B2BC1A1D715F009456E8 = {
			isa = PBXGroup;
			children = (
				F434B2C71A1D7160009456E8 /* MapDraw */,
				F434B2E11A1D7160009456E8 /* MapDrawTests */,
				F434B2C61A1D7160009456E8 /* Products */,
			);
			sourceTree = "<group>";
		};
		F434B2C61A1D7160009456E8 /* Products */ = {
			isa = PBXGroup;
			children = (
				F434B2C51A1D7160009456E8 /* MapDraw.app */,
				F434B2DE1A1D7160009456E8 /* MapDrawTests.xctest */,
			);
			name = Products;
			sourceTree = "<group>";
		};
		F434B2C71A1D7160009456E8 /* MapDraw */ = {
			isa = PBXGroup;
			children = (
				F434B2CC1A1D7160009456E8 /* AppDelegate.h */,
				F434B2CD1A1D7160009456E8 /* AppDelegate.m */,
				F434B2CF1A1D7160009456E8 /* ViewController.h */,
				F434B2D01A1D7160009456E8 /* ViewController.m */,
				F434B2D21A1D7160009456E8 /* Main.storyboard */,
				F434B2D51A1D7160009456E8 /* Images.xcassets */,
				F434B2D71A1D7160009456E8 /* LaunchScreen.xib */,
				F434B2C81A1D7160009456E8 /* Supporting Files */,
			);
			path = MapDraw;
			sourceTree = "<group>";
		};
		F434B2C81A1D7160009456E8 /* Supporting Files */ = {
			isa = PBXGroup;
			children = (
				F434B2C91A1D7160009456E8 /* Info.plist */,
				F434B2CA1A1D7160009456E8 /* main.m */,
			);
			name = "Supporting Files";
			sourceTree = "<group>";
		};
		F434B2E11A1D7160009456E8 /* MapDrawTests */ = {
			isa = PBXGroup;
			children = (
				F434B2E41A1D7160009456E8 /* MapDrawTests.m */,
				F434B2E21A1D7160009456E8 /* Supporting Files */,
			);
			path = MapDrawTests;
			sourceTree = "<group>";
		};
		F434B2E21A1D7160009456E8 /* Supporting Files */ = {
			isa = PBXGroup;
			children = (
				F434B2E31A1D7160009456E8 /* Info.plist */,
			);
			name = "Supporting Files";
			sourceTree = "<group>";
		};
/* End PBXGroup section */

/* Begin PBXNativeTarget section */
		F434B2C41A1D7160009456E8 /* MapDraw */ = {
			isa = PBXNativeTarget;
			buildConfigurationList = F434B2E81A1D7160009456E8 /* Build configuration list for PBXNativeTarget "MapDraw" */;
			buildPhases = (
				F434B2C11A1D7160009456E8 /* Sources */,
				F434B2C21A1D7160009456E8 /* Frameworks */,
				F434B2C31A1D7160009456E8 /* Resources */,
			);
			buildRules = (
			);
			dependencies = (
			);
			name = MapDraw;
			productName = MapDraw;
			productReference = F434B2C51A1D7160009456E8 /* MapDraw.app */;
			productType = "com.apple.product-type.application";
		};
		F434B2DD1A1D7160009456E8 /* MapDrawTests */ = {
			isa = PBXNativeTarget;
			buildConfigurationList = F434B2EB1A1D7160009456E8 /* Build configuration list for PBXNativeTarget "MapDrawTests" */;
			buildPhases = (
				F434B2DA1A1D7160009456E8 /* Sources */,
				F434B2DB1A1D7160009456E8 /* Frameworks */,
				F434B2DC1A1D7160009456E8 /* Resources */,
			);
			buildRules = (
			);
			dependencies = (
				F434B2E01A1D7160009456E8 /* PBXTargetDependency */,
			);
			name = MapDrawTests;
			productName = MapDrawTests;
			productReference = F434B2DE1A1D7160009456E8 /* MapDrawTests.xctest */;
			productType = "com.apple.product-type.bundle.unit-test";
		};
/* End PBXNativeTarget section */

/* Begin PBXProject section */
		F434B2BD1A1D715F009456E8 /* Project object */ = {
			isa = PBXProject;
			attributes = {
				LastUpgradeCheck = 0610;
				ORGANIZATIONNAME = "Sachin Medhekar";
				TargetAttributes = {
					F434B2C41A1D7160009456E8 = {
						CreatedOnToolsVersion = 6.1;
					};
					F434B2DD1A1D7160009456E8 = {
						CreatedOnToolsVersion = 6.1;
						TestTargetID = F434B2C41A1D7160009456E8;
					};
				};
			};
			buildConfigurationList = F434B2C01A1D715F009456E8 /* Build configuration list for PBXProject "MapDraw" */;
			compatibilityVersion = "Xcode 3.2";
			developmentRegion = English;
			hasScannedForEncodings = 0;
			knownRegions = (
				en,
				Base,
			);
			mainGroup = F434B2BC1A1D715F009456E8;
			productRefGroup = F434B2C61A1D7160009456E8 /* Products */;
			projectDirPath = "";
			projectRoot = "";
			targets = (
				F434B2C41A1D7160009456E8 /* MapDraw */,
				F434B2DD1A1D7160009456E8 /* MapDrawTests */,
			);
		};
/* End PBXProject section */

/* Begin PBXResourcesBuildPhase section */
		F434B2C31A1D7160009456E8 /* Resources */ = {
			isa = PBXResourcesBuildPhase;
			buildActionMask = 2147483647;
			files = (
				F434B2D41A1D7160009456E8 /* Main.storyboard in Resources */,
				F434B2D91A1D7160009456E8 /* LaunchScreen.xib in Resources */,
				F434B2D61A1D7160009456E8 /* Images.xcassets in Resources */,
			);
			runOnlyForDeploymentPostprocessing = 0;
		};
		F434B2DC1A1D7160009456E8 /* Resources */ = {
			isa = PBXResourcesBuildPhase;
			buildActionMask = 2147483647;
			files = (
			);
			runOnlyForDeploymentPostprocessing = 0;
		};
/* End PBXResourcesBuildPhase section */

/* Begin PBXSourcesBuildPhase section */
		F434B2C11A1D7160009456E8 /* Sources */ = {
			isa = PBXSourcesBuildPhase;
			buildActionMask = 2147483647;
			files = (
				F434B2D11A1D7160009456E8 /* ViewController.m in Sources */,
				F434B2CE1A1D7160009456E8 /* AppDelegate.m in Sources */,
				F434B2CB1A1D7160009456E8 /* main.m in Sources */,
			);
			runOnlyForDeploymentPostprocessing = 0;
		};
		F434B2DA1A1D7160009456E8 /* Sources */ = {
			isa = PBXSourcesBuildPhase;
			buildActionMask = 2147483647;
			files = (
				F434B2E51A1D7160009456E8 /* MapDrawTests.m in Sources */,
			);
			runOnlyForDeploymentPostprocessing = 0;
		};
/* End PBXSourcesBuildPhase section */

/* Begin PBXTargetDependency section */
		F434B2E01A1D7160009456E8 /* PBXTargetDependency */ = {
			isa = PBXTargetDependency;
			target = F434B2C41A1D7160009456E8 /* MapDraw */;
			targetProxy = F434B2DF1A1D7160009456E8 /* PBXContainerItemProxy */;
		};
/* End PBXTargetDependency section */

/* Begin PBXVariantGroup section */
		F434B2D21A1D7160009456E8 /* Main.storyboard */ = {
			isa = PBXVariantGroup;
			children = (
				F434B2D31A1D7160009456E8 /* Base */,
			);
			name = Main.storyboard;
			sourceTree = "<group>";
		};
		F434B2D71A1D7160009456E8 /* LaunchScreen.xib */ = {
			isa = PBXVariantGroup;
			children = (
				F434B2D81A1D7160009456E8 /* Base */,
			);
			name = LaunchScreen.xib;
			sourceTree = "<group>";
		};
/* End PBXVariantGroup section */

/* Begin XCBuildConfiguration section */
		F434B2E61A1D7160009456E8 /* Debug */ = {
			isa = XCBuildConfiguration;
			buildSettings = {
				ALWAYS_SEARCH_USER_PATHS = NO;
				CLANG_CXX_LANGUAGE_STANDARD = "gnu++0x";
				CLANG_CXX_LIBRARY = "libc++";
				CLANG_ENABLE_MODULES = YES;
				CLANG_ENABLE_OBJC_ARC = YES;
				CLANG_WARN_BOOL_CONVERSION = YES;
				CLANG_WARN_CONSTANT_CONVERSION = YES;
				CLANG_WARN_DIRECT_OBJC_ISA_USAGE = YES_ERROR;
				CLANG_WARN_EMPTY_BODY = YES;
				CLANG_WARN_ENUM_CONVERSION = YES;
				CLANG_WARN_INT_CONVERSION = YES;
				CLANG_WARN_OBJC_ROOT_CLASS = YES_ERROR;
				CLANG_WARN_UNREACHABLE_CODE = YES;
				CLANG_WARN__DUPLICATE_METHOD_MATCH = YES;
				"CODE_SIGN_IDENTITY[sdk=iphoneos*]" = "iPhone Developer";
				COPY_PHASE_STRIP = NO;
				ENABLE_STRICT_OBJC_MSGSEND = YES;
				GCC_C_LANGUAGE_STANDARD = gnu99;
				GCC_DYNAMIC_NO_PIC = NO;
				GCC_OPTIMIZATION_LEVEL = 0;
				GCC_PREPROCESSOR_DEFINITIONS = (
					"DEBUG=1",
					"$(inherited)",
				);
				GCC_SYMBOLS_PRIVATE_EXTERN = NO;
				GCC_WARN_64_TO_32_BIT_CONVERSION = YES;
				GCC_WARN_ABOUT_RETURN_TYPE = YES_ERROR;
				GCC_WARN_UNDECLARED_SELECTOR = YES;
				GCC_WARN_UNINITIALIZED_AUTOS = YES_AGGRESSIVE;
				GCC_WARN_UNUSED_FUNCTION = YES;
				GCC_WARN_UNUSED_VARIABLE = YES;
				IPHONEOS_DEPLOYMENT_TARGET = 8.1;
				MTL_ENABLE_DEBUG_INFO = YES;
				ONLY_ACTIVE_ARCH = YES;
				SDKROOT = iphoneos;
			};
			name = Debug;
		};
		F434B2E71A1D7160009456E8 /* Release */ = {
			isa = XCBuildConfiguration;
			buildSettings = {
				ALWAYS_SEARCH_USER_PATHS = NO;
				CLANG_CXX_LANGUAGE_STANDARD = "gnu++0x";
				CLANG_CXX_LIBRARY = "libc++";
				CLANG_ENABLE_MODULES = YES;
				CLANG_ENABLE_OBJC_ARC = YES;
				CLANG_WARN_BOOL_CONVERSION = YES;
				CLANG_WARN_CONSTANT_CONVERSION = YES;
				CLANG_WARN_DIRECT_OBJC_ISA_USAGE = YES_ERROR;
				CLANG_WARN_EMPTY_BODY = YES;
				CLANG_WARN_ENUM_CONVERSION = YES;
				CLANG_WARN_INT_CONVERSION = YES;
				CLANG_WARN_OBJC_ROOT_CLASS = YES_ERROR;
				CLANG_WARN_UNREACHABLE_CODE = YES;
				CLANG_WARN__DUPLICATE_METHOD_MATCH = YES;
				"CODE_SIGN_IDENTITY[sdk=iphoneos*]" = "iPhone Developer";
				COPY_PHASE_STRIP = YES;
				ENABLE_NS_ASSERTIONS = NO;
				ENABLE_STRICT_OBJC_MSGSEND = YES;
				GCC_C_LANGUAGE_STANDARD = gnu99;
				GCC_WARN_64_TO_32_BIT_CONVERSION = YES;
				GCC_WARN_ABOUT_RETURN_TYPE = YES_ERROR;
				GCC_WARN_UNDECLARED_SELECTOR = YES;
				GCC_WARN_UNINITIALIZED_AUTOS = YES_AGGRESSIVE;
				GCC_WARN_UNUSED_FUNCTION = YES;
				GCC_WARN_UNUSED_VARIABLE = YES;
				IPHONEOS_DEPLOYMENT_TARGET = 8.1;
				MTL_ENABLE_DEBUG_INFO = NO;
				SDKROOT = iphoneos;
				VALIDATE_PRODUCT = YES;
			};
			name = Release;
		};
		F434B2E91A1D7160009456E8 /* Debug */ = {
			isa = XCBuildConfiguration;
			buildSettings = {
				ASSETCATALOG_COMPILER_APPICON_NAME = AppIcon;
				INFOPLIST_FILE = MapDraw/Info.plist;
				LD_RUNPATH_SEARCH_PATHS = "$(inherited) @executable_path/Frameworks";
				PRODUCT_NAME = "$(TARGET_NAME)";
			};
			name = Debug;
		};
		F434B2EA1A1D7160009456E8 /* Release */ = {
			isa = XCBuildConfiguration;
			buildSettings = {
				ASSETCATALOG_COMPILER_APPICON_NAME = AppIcon;
				INFOPLIST_FILE = MapDraw/Info.plist;
				LD_RUNPATH_SEARCH_PATHS = "$(inherited) @executable_path/Frameworks";
				PRODUCT_NAME = "$(TARGET_NAME)";
			};
			name = Release;
		};
		F434B2EC1A1D7160009456E8 /* Debug */ = {
			isa = XCBuildConfiguration;
			buildSettings = {
				BUNDLE_LOADER = "$(TEST_HOST)";
				FRAMEWORK_SEARCH_PATHS = (
					"$(SDKROOT)/Developer/Library/Frameworks",
					"$(inherited)",
				);
				GCC_PREPROCESSOR_DEFINITIONS = (
					"DEBUG=1",
					"$(inherited)",
				);
				INFOPLIST_FILE = MapDrawTests/Info.plist;
				LD_RUNPATH_SEARCH_PATHS = "$(inherited) @executable_path/Frameworks @loader_path/Frameworks";
				PRODUCT_NAME = "$(TARGET_NAME)";
				TEST_HOST = "$(BUILT_PRODUCTS_DIR)/MapDraw.app/MapDraw";
			};
			name = Debug;
		};
		F434B2ED1A1D7160009456E8 /* Release */ = {
			isa = XCBuildConfiguration;
			buildSettings = {
				BUNDLE_LOADER = "$(TEST_HOST)";
				FRAMEWORK_SEARCH_PATHS = (
					"$(SDKROOT)/Developer/Library/Frameworks",
					"$(inherited)",
				);
				INFOPLIST_FILE = MapDrawTests/Info.plist;
				LD_RUNPATH_SEARCH_PATHS = "$(inherited) @executable_path/Frameworks @loader_path/Frameworks";
				PRODUCT_NAME = "$(TARGET_NAME)";
				TEST_HOST = "$(BUILT_PRODUCTS_DIR)/MapDraw.app/MapDraw";
			};
			name = Release;
		};
/* End XCBuildConfiguration section */

/* Begin XCConfigurationList section */
		F434B2C01A1D715F009456E8 /* Build configuration list for PBXProject "MapDraw" */ = {
			isa = XCConfigurationList;
			buildConfigurations = (
				F434B2E61A1D7160009456E8 /* Debug */,
				F434B2E71A1D7160009456E8 /* Release */,
			);
			defaultConfigurationIsVisible = 0;
			defaultConfigurationName = Release;
		};
		F434B2E81A1D7160009456E8 /* Build configuration list for PBXNativeTarget "MapDraw" */ = {
			isa = XCConfigurationList;
			buildConfigurations = (
				F434B2E91A1D7160009456E8 /* Debug */,
				F434B2EA1A1D7160009456E8 /* Release */,
			);
			defaultConfigurationIsVisible = 0;
		};
		F434B2EB1A1D7160009456E8 /* Build configuration list for PBXNativeTarget "MapDrawTests" */ = {
			isa = XCConfigurationList;
			buildConfigurations = (
				F434B2EC1A1D7160009456E8 /* Debug */,
				F434B2ED1A1D7160009456E8 /* Release */,
			);
			defaultConfigurationIsVisible = 0;
		};
/* End XCConfigurationList section */
	};
	rootObject = F434B2BD1A1D715F009456E8 /* Project object */;
}
